
Microsoft Visual Studio Solution File, Format Version 12.00
# Visual Studio Version 17
VisualStudioVersion = 17.2.32519.379
MinimumVisualStudioVersion = 10.0.40219.1
Project("{9A19103F-16F7-4668-BE54-9A1E7A4F7556}") = "Send", "Send.csproj", "{3CF339B9-C70A-4524-B446-341809C683DC}"
EndProject
Project("{9A19103F-16F7-4668-BE54-9A1E7A4F7556}") = "Receive", "..\Receive\Receive.csproj", "{D955AA0A-2B85-484F-B4F6-47D2C8233B5A}"
EndProject
Global
	GlobalSection(SolutionConfigurationPlatforms) = preSolution
		Debug|Any CPU = Debug|Any CPU
		Release|Any CPU = Release|Any CPU
	EndGlobalSection
	GlobalSection(ProjectConfigurationPlatforms) = postSolution
		{3CF339B9-C70A-4524-B446-341809C683DC}.Debug|Any CPU.ActiveCfg = Debug|Any CPU
		{3CF339B9-C70A-4524-B446-341809C683DC}.Debug|Any CPU.Build.0 = Debug|Any CPU
		{3CF339B9-C70A-4524-B446-341809C683DC}.Release|Any CPU.ActiveCfg = Release|Any CPU
		{3CF339B9-C70A-4524-B446-341809C683DC}.Release|Any CPU.Build.0 = Release|Any CPU
		{D955AA0A-2B85-484F-B4F6-47D2C8233B5A}.Debug|Any CPU.ActiveCfg = Debug|Any CPU
		{D955AA0A-2B85-484F-B4F6-47D2C8233B5A}.Debug|Any CPU.Build.0 = Debug|Any CPU
		{D955AA0A-2B85-484F-B4F6-47D2C8233B5A}.Release|Any CPU.ActiveCfg = Release|Any CPU
		{D955AA0A-2B85-484F-B4F6-47D2C8233B5A}.Release|Any CPU.Build.0 = Release|Any CPU
	EndGlobalSection
	GlobalSection(SolutionProperties) = preSolution
		HideSolutionNode = FALSE
	EndGlobalSection
	GlobalSection(ExtensibilityGlobals) = postSolution
		SolutionGuid = {27B7851A-6436-4A34-A87E-027D528CF1C4}
	EndGlobalSection
EndGlobal
